
Microsoft Visual Studio Solution File, Format Version 12.00
# Visual Studio Version 17
VisualStudioVersion = 17.5.002.0
MinimumVisualStudioVersion = 10.0.40219.1
Project("{9A19103F-16F7-4668-BE54-9A1E7A4F7556}") = "DesafioProjetoHospedagem", "DesafioProjetoHospedagem.csproj", "{9E30D1F2-7989-46A6-BA58-56D7C2E3CEEF}"
EndProject
Global
	GlobalSection(SolutionConfigurationPlatforms) = preSolution
		Debug|Any CPU = Debug|Any CPU
		Release|Any CPU = Release|Any CPU
	EndGlobalSection
	GlobalSection(ProjectConfigurationPlatforms) = postSolution
		{9E30D1F2-7989-46A6-BA58-56D7C2E3CEEF}.Debug|Any CPU.ActiveCfg = Debug|Any CPU
		{9E30D1F2-7989-46A6-BA58-56D7C2E3CEEF}.Debug|Any CPU.Build.0 = Debug|Any CPU
		{9E30D1F2-7989-46A6-BA58-56D7C2E3CEEF}.Release|Any CPU.ActiveCfg = Release|Any CPU
		{9E30D1F2-7989-46A6-BA58-56D7C2E3CEEF}.Release|Any CPU.Build.0 = Release|Any CPU
	EndGlobalSection
	GlobalSection(SolutionProperties) = preSolution
		HideSolutionNode = FALSE
	EndGlobalSection
	GlobalSection(ExtensibilityGlobals) = postSolution
		SolutionGuid = {35975F4A-7902-4530-9B6A-5151EC66638F}
	EndGlobalSection
EndGlobal
